# This file is automatically @generated by Cargo.
# It is not intended for manual editing.
[[package]]
name = "auto_ops"
version = "0.1.0"
source = "registry+https://github.com/rust-lang/crates.io-index"
checksum = "d7470d559fc2c985f76acb6899f79c4d01bef3b1ec56aaf33c0617feb4995945"

[[package]]
name = "raycaster"
version = "0.1.0"
dependencies = [
 "auto_ops",
]
